// !$*UTF8*$!
{
	archiveVersion = 1;
	classes = {
	};
	objectVersion = 77;
	objects = {

/* Begin PBXContainerItemProxy section */
		5725A3A02D6BC34300C0F554 /* PBXContainerItemProxy */ = {
			isa = PBXContainerItemProxy;
			containerPortal = 5725A3822D6BC34200C0F554 /* Project object */;
			proxyType = 1;
			remoteGlobalIDString = 5725A3892D6BC34200C0F554;
			remoteInfo = Y3News;
		};
		5725A3AA2D6BC34300C0F554 /* PBXContainerItemProxy */ = {
			isa = PBXContainerItemProxy;
			containerPortal = 5725A3822D6BC34200C0F554 /* Project object */;
			proxyType = 1;
			remoteGlobalIDString = 5725A3892D6BC34200C0F554;
			remoteInfo = Y3News;
		};
/* End PBXContainerItemProxy section */

/* Begin PBXFileReference section */
		5725A38A2D6BC34200C0F554 /* Y3News.app */ = {isa = PBXFileReference; explicitFileType = wrapper.application; includeInIndex = 0; path = Y3News.app; sourceTree = BUILT_PRODUCTS_DIR; };
		5725A39F2D6BC34300C0F554 /* Y3NewsTests.xctest */ = {isa = PBXFileReference; explicitFileType = wrapper.cfbundle; includeInIndex = 0; path = Y3NewsTests.xctest; sourceTree = BUILT_PRODUCTS_DIR; };
		5725A3A92D6BC34300C0F554 /* Y3NewsUITests.xctest */ = {isa = PBXFileReference; explicitFileType = wrapper.cfbundle; includeInIndex = 0; path = Y3NewsUITests.xctest; sourceTree = BUILT_PRODUCTS_DIR; };
/* End PBXFileReference section */

/* Begin PBXFileSystemSynchronizedRootGroup section */
		5725A38C2D6BC34200C0F554 /* Y3News */ = {
			isa = PBXFileSystemSynchronizedRootGroup;
			path = Y3News;
			sourceTree = "<group>";
		};
		5725A3A22D6BC34300C0F554 /* Y3NewsTests */ = {
			isa = PBXFileSystemSynchronizedRootGroup;
			path = Y3NewsTests;
			sourceTree = "<group>";
		};
		5725A3AC2D6BC34300C0F554 /* Y3NewsUITests */ = {
			isa = PBXFileSystemSynchronizedRootGroup;
			path = Y3NewsUITests;
			sourceTree = "<group>";
		};
/* End PBXFileSystemSynchronizedRootGroup section */

/* Begin PBXFrameworksBuildPhase section */
		5725A3872D6BC34200C0F554 /* Frameworks */ = {
			isa = PBXFrameworksBuildPhase;
			buildActionMask = 2147483647;
			files = (
			);
			runOnlyForDeploymentPostprocessing = 0;
		};
		5725A39C2D6BC34300C0F554 /* Frameworks */ = {
			isa = PBXFrameworksBuildPhase;
			buildActionMask = 2147483647;
			files = (
			);
			runOnlyForDeploymentPostprocessing = 0;
		};
		5725A3A62D6BC34300C0F554 /* Frameworks */ = {
			isa = PBXFrameworksBuildPhase;
			buildActionMask = 2147483647;
			files = (
			);
			runOnlyForDeploymentPostprocessing = 0;
		};
/* End PBXFrameworksBuildPhase section */

/* Begin PBXGroup section */
		5725A3812D6BC34200C0F554 = {
			isa = PBXGroup;
			children = (
				5725A38C2D6BC34200C0F554 /* Y3News */,
				5725A3A22D6BC34300C0F554 /* Y3NewsTests */,
				5725A3AC2D6BC34300C0F554 /* Y3NewsUITests */,
				5725A38B2D6BC34200C0F554 /* Products */,
			);
			sourceTree = "<group>";
		};
		5725A38B2D6BC34200C0F554 /* Products */ = {
			isa = PBXGroup;
			children = (
				5725A38A2D6BC34200C0F554 /* Y3News.app */,
				5725A39F2D6BC34300C0F554 /* Y3NewsTests.xctest */,
				5725A3A92D6BC34300C0F554 /* Y3NewsUITests.xctest */,
			);
			name = Products;
			sourceTree = "<group>";
		};
/* End PBXGroup section */

/* Begin PBXNativeTarget section */
		5725A3892D6BC34200C0F554 /* Y3News */ = {
			isa = PBXNativeTarget;
			buildConfigurationList = 5725A3B32D6BC34300C0F554 /* Build configuration list for PBXNativeTarget "Y3News" */;
			buildPhases = (
				5725A3862D6BC34200C0F554 /* Sources */,
				5725A3872D6BC34200C0F554 /* Frameworks */,
				5725A3882D6BC34200C0F554 /* Resources */,
			);
			buildRules = (
			);
			dependencies = (
			);
			fileSystemSynchronizedGroups = (
				5725A38C2D6BC34200C0F554 /* Y3News */,
			);
			name = Y3News;
			packageProductDependencies = (
			);
			productName = Y3News;
			productReference = 5725A38A2D6BC34200C0F554 /* Y3News.app */;
			productType = "com.apple.product-type.application";
		};
		5725A39E2D6BC34300C0F554 /* Y3NewsTests */ = {
			isa = PBXNativeTarget;
			buildConfigurationList = 5725A3B62D6BC34300C0F554 /* Build configuration list for PBXNativeTarget "Y3NewsTests" */;
			buildPhases = (
				5725A39B2D6BC34300C0F554 /* Sources */,
				5725A39C2D6BC34300C0F554 /* Frameworks */,
				5725A39D2D6BC34300C0F554 /* Resources */,
			);
			buildRules = (
			);
			dependencies = (
				5725A3A12D6BC34300C0F554 /* PBXTargetDependency */,
			);
			fileSystemSynchronizedGroups = (
				5725A3A22D6BC34300C0F554 /* Y3NewsTests */,
			);
			name = Y3NewsTests;
			packageProductDependencies = (
			);
			productName = Y3NewsTests;
			productReference = 5725A39F2D6BC34300C0F554 /* Y3NewsTests.xctest */;
			productType = "com.apple.product-type.bundle.unit-test";
		};
		5725A3A82D6BC34300C0F554 /* Y3NewsUITests */ = {
			isa = PBXNativeTarget;
			buildConfigurationList = 5725A3B92D6BC34300C0F554 /* Build configuration list for PBXNativeTarget "Y3NewsUITests" */;
			buildPhases = (
				5725A3A52D6BC34300C0F554 /* Sources */,
				5725A3A62D6BC34300C0F554 /* Frameworks */,
				5725A3A72D6BC34300C0F554 /* Resources */,
			);
			buildRules = (
			);
			dependencies = (
				5725A3AB2D6BC34300C0F554 /* PBXTargetDependency */,
			);
			fileSystemSynchronizedGroups = (
				5725A3AC2D6BC34300C0F554 /* Y3NewsUITests */,
			);
			name = Y3NewsUITests;
			packageProductDependencies = (
			);
			productName = Y3NewsUITests;
			productReference = 5725A3A92D6BC34300C0F554 /* Y3NewsUITests.xctest */;
			productType = "com.apple.product-type.bundle.ui-testing";
		};
/* End PBXNativeTarget section */

/* Begin PBXProject section */
		5725A3822D6BC34200C0F554 /* Project object */ = {
			isa = PBXProject;
			attributes = {
				BuildIndependentTargetsInParallel = 1;
				LastSwiftUpdateCheck = 1620;
				LastUpgradeCheck = 1620;
				TargetAttributes = {
					5725A3892D6BC34200C0F554 = {
						CreatedOnToolsVersion = 16.2;
					};
					5725A39E2D6BC34300C0F554 = {
						CreatedOnToolsVersion = 16.2;
						TestTargetID = 5725A3892D6BC34200C0F554;
					};
					5725A3A82D6BC34300C0F554 = {
						CreatedOnToolsVersion = 16.2;
						TestTargetID = 5725A3892D6BC34200C0F554;
					};
				};
			};
			buildConfigurationList = 5725A3852D6BC34200C0F554 /* Build configuration list for PBXProject "Y3News" */;
			developmentRegion = en;
			hasScannedForEncodings = 0;
			knownRegions = (
				en,
				Base,
			);
			mainGroup = 5725A3812D6BC34200C0F554;
			minimizedProjectReferenceProxies = 1;
			preferredProjectObjectVersion = 77;
			productRefGroup = 5725A38B2D6BC34200C0F554 /* Products */;
			projectDirPath = "";
			projectRoot = "";
			targets = (
				5725A3892D6BC34200C0F554 /* Y3News */,
				5725A39E2D6BC34300C0F554 /* Y3NewsTests */,
				5725A3A82D6BC34300C0F554 /* Y3NewsUITests */,
			);
		};
/* End PBXProject section */

/* Begin PBXResourcesBuildPhase section */
		5725A3882D6BC34200C0F554 /* Resources */ = {
			isa = PBXResourcesBuildPhase;
			buildActionMask = 2147483647;
			files = (
			);
			runOnlyForDeploymentPostprocessing = 0;
		};
		5725A39D2D6BC34300C0F554 /* Resources */ = {
			isa = PBXResourcesBuildPhase;
			buildActionMask = 2147483647;
			files = (
			);
			runOnlyForDeploymentPostprocessing = 0;
		};
		5725A3A72D6BC34300C0F554 /* Resources */ = {
			isa = PBXResourcesBuildPhase;
			buildActionMask = 2147483647;
			files = (
			);
			runOnlyForDeploymentPostprocessing = 0;
		};
/* End PBXResourcesBuildPhase section */

/* Begin PBXSourcesBuildPhase section */
		5725A3862D6BC34200C0F554 /* Sources */ = {
			isa = PBXSourcesBuildPhase;
			buildActionMask = 2147483647;
			files = (
			);
			runOnlyForDeploymentPostprocessing = 0;
		};
		5725A39B2D6BC34300C0F554 /* Sources */ = {
			isa = PBXSourcesBuildPhase;
			buildActionMask = 2147483647;
			files = (
			);
			runOnlyForDeploymentPostprocessing = 0;
		};
		5725A3A52D6BC34300C0F554 /* Sources */ = {
			isa = PBXSourcesBuildPhase;
			buildActionMask = 2147483647;
			files = (
			);
			runOnlyForDeploymentPostprocessing = 0;
		};
/* End PBXSourcesBuildPhase section */

/* Begin PBXTargetDependency section */
		5725A3A12D6BC34300C0F554 /* PBXTargetDependency */ = {
			isa = PBXTargetDependency;
			target = 5725A3892D6BC34200C0F554 /* Y3News */;
			targetProxy = 5725A3A02D6BC34300C0F554 /* PBXContainerItemProxy */;
		};
		5725A3AB2D6BC34300C0F554 /* PBXTargetDependency */ = {
			isa = PBXTargetDependency;
			target = 5725A3892D6BC34200C0F554 /* Y3News */;
			targetProxy = 5725A3AA2D6BC34300C0F554 /* PBXContainerItemProxy */;
		};
/* End PBXTargetDependency section */

/* Begin XCBuildConfiguration section */
		5725A3B12D6BC34300C0F554 /* Debug */ = {
			isa = XCBuildConfiguration;
			buildSettings = {
				ALWAYS_SEARCH_USER_PATHS = NO;
				ASSETCATALOG_COMPILER_GENERATE_SWIFT_ASSET_SYMBOL_EXTENSIONS = YES;
				CLANG_ANALYZER_NONNULL = YES;
				CLANG_ANALYZER_NUMBER_OBJECT_CONVERSION = YES_AGGRESSIVE;
				CLANG_CXX_LANGUAGE_STANDARD = "gnu++20";
				CLANG_ENABLE_MODULES = YES;
				CLANG_ENABLE_OBJC_ARC = YES;
				CLANG_ENABLE_OBJC_WEAK = YES;
				CLANG_WARN_BLOCK_CAPTURE_AUTORELEASING = YES;
				CLANG_WARN_BOOL_CONVERSION = YES;
				CLANG_WARN_COMMA = YES;
				CLANG_WARN_CONSTANT_CONVERSION = YES;
				CLANG_WARN_DEPRECATED_OBJC_IMPLEMENTATIONS = YES;
				CLANG_WARN_DIRECT_OBJC_ISA_USAGE = YES_ERROR;
				CLANG_WARN_DOCUMENTATION_COMMENTS = YES;
				CLANG_WARN_EMPTY_BODY = YES;
				CLANG_WARN_ENUM_CONVERSION = YES;
				CLANG_WARN_INFINITE_RECURSION = YES;
				CLANG_WARN_INT_CONVERSION = YES;
				CLANG_WARN_NON_LITERAL_NULL_CONVERSION = YES;
				CLANG_WARN_OBJC_IMPLICIT_RETAIN_SELF = YES;
				CLANG_WARN_OBJC_LITERAL_CONVERSION = YES;
				CLANG_WARN_OBJC_ROOT_CLASS = YES_ERROR;
				CLANG_WARN_QUOTED_INCLUDE_IN_FRAMEWORK_HEADER = YES;
				CLANG_WARN_RANGE_LOOP_ANALYSIS = YES;
				CLANG_WARN_STRICT_PROTOTYPES = YES;
				CLANG_WARN_SUSPICIOUS_MOVE = YES;
				CLANG_WARN_UNGUARDED_AVAILABILITY = YES_AGGRESSIVE;
				CLANG_WARN_UNREACHABLE_CODE = YES;
				CLANG_WARN__DUPLICATE_METHOD_MATCH = YES;
				COPY_PHASE_STRIP = NO;
				DEBUG_INFORMATION_FORMAT = dwarf;
				ENABLE_STRICT_OBJC_MSGSEND = YES;
				ENABLE_TESTABILITY = YES;
				ENABLE_USER_SCRIPT_SANDBOXING = YES;
				GCC_C_LANGUAGE_STANDARD = gnu17;
				GCC_DYNAMIC_NO_PIC = NO;
				GCC_NO_COMMON_BLOCKS = YES;
				GCC_OPTIMIZATION_LEVEL = 0;
				GCC_PREPROCESSOR_DEFINITIONS = (
					"DEBUG=1",
					"$(inherited)",
				);
				GCC_WARN_64_TO_32_BIT_CONVERSION = YES;
				GCC_WARN_ABOUT_RETURN_TYPE = YES_ERROR;
				GCC_WARN_UNDECLARED_SELECTOR = YES;
				GCC_WARN_UNINITIALIZED_AUTOS = YES_AGGRESSIVE;
				GCC_WARN_UNUSED_FUNCTION = YES;
				GCC_WARN_UNUSED_VARIABLE = YES;
				IPHONEOS_DEPLOYMENT_TARGET = 18.2;
				LOCALIZATION_PREFERS_STRING_CATALOGS = YES;
				MTL_ENABLE_DEBUG_INFO = INCLUDE_SOURCE;
				MTL_FAST_MATH = YES;
				ONLY_ACTIVE_ARCH = YES;
				SDKROOT = iphoneos;
				SWIFT_ACTIVE_COMPILATION_CONDITIONS = "DEBUG $(inherited)";
				SWIFT_OPTIMIZATION_LEVEL = "-Onone";
			};
			name = Debug;
		};
		5725A3B22D6BC34300C0F554 /* Release */ = {
			isa = XCBuildConfiguration;
			buildSettings = {
				ALWAYS_SEARCH_USER_PATHS = NO;
				ASSETCATALOG_COMPILER_GENERATE_SWIFT_ASSET_SYMBOL_EXTENSIONS = YES;
				CLANG_ANALYZER_NONNULL = YES;
				CLANG_ANALYZER_NUMBER_OBJECT_CONVERSION = YES_AGGRESSIVE;
				CLANG_CXX_LANGUAGE_STANDARD = "gnu++20";
				CLANG_ENABLE_MODULES = YES;
				CLANG_ENABLE_OBJC_ARC = YES;
				CLANG_ENABLE_OBJC_WEAK = YES;
				CLANG_WARN_BLOCK_CAPTURE_AUTORELEASING = YES;
				CLANG_WARN_BOOL_CONVERSION = YES;
				CLANG_WARN_COMMA = YES;
				CLANG_WARN_CONSTANT_CONVERSION = YES;
				CLANG_WARN_DEPRECATED_OBJC_IMPLEMENTATIONS = YES;
				CLANG_WARN_DIRECT_OBJC_ISA_USAGE = YES_ERROR;
				CLANG_WARN_DOCUMENTATION_COMMENTS = YES;
				CLANG_WARN_EMPTY_BODY = YES;
				CLANG_WARN_ENUM_CONVERSION = YES;
				CLANG_WARN_INFINITE_RECURSION = YES;
				CLANG_WARN_INT_CONVERSION = YES;
				CLANG_WARN_NON_LITERAL_NULL_CONVERSION = YES;
				CLANG_WARN_OBJC_IMPLICIT_RETAIN_SELF = YES;
				CLANG_WARN_OBJC_LITERAL_CONVERSION = YES;
				CLANG_WARN_OBJC_ROOT_CLASS = YES_ERROR;
				CLANG_WARN_QUOTED_INCLUDE_IN_FRAMEWORK_HEADER = YES;
				CLANG_WARN_RANGE_LOOP_ANALYSIS = YES;
				CLANG_WARN_STRICT_PROTOTYPES = YES;
				CLANG_WARN_SUSPICIOUS_MOVE = YES;
				CLANG_WARN_UNGUARDED_AVAILABILITY = YES_AGGRESSIVE;
				CLANG_WARN_UNREACHABLE_CODE = YES;
				CLANG_WARN__DUPLICATE_METHOD_MATCH = YES;
				COPY_PHASE_STRIP = NO;
				DEBUG_INFORMATION_FORMAT = "dwarf-with-dsym";
				ENABLE_NS_ASSERTIONS = NO;
				ENABLE_STRICT_OBJC_MSGSEND = YES;
				ENABLE_USER_SCRIPT_SANDBOXING = YES;
				GCC_C_LANGUAGE_STANDARD = gnu17;
				GCC_NO_COMMON_BLOCKS = YES;
				GCC_WARN_64_TO_32_BIT_CONVERSION = YES;
				GCC_WARN_ABOUT_RETURN_TYPE = YES_ERROR;
				GCC_WARN_UNDECLARED_SELECTOR = YES;
				GCC_WARN_UNINITIALIZED_AUTOS = YES_AGGRESSIVE;
				GCC_WARN_UNUSED_FUNCTION = YES;
				GCC_WARN_UNUSED_VARIABLE = YES;
				IPHONEOS_DEPLOYMENT_TARGET = 18.2;
				LOCALIZATION_PREFERS_STRING_CATALOGS = YES;
				MTL_ENABLE_DEBUG_INFO = NO;
				MTL_FAST_MATH = YES;
				SDKROOT = iphoneos;
				SWIFT_COMPILATION_MODE = wholemodule;
				VALIDATE_PRODUCT = YES;
			};
			name = Release;
		};
		5725A3B42D6BC34300C0F554 /* Debug */ = {
			isa = XCBuildConfiguration;
			buildSettings = {
				ASSETCATALOG_COMPILER_APPICON_NAME = AppIcon;
				ASSETCATALOG_COMPILER_GLOBAL_ACCENT_COLOR_NAME = AccentColor;
				CODE_SIGN_STYLE = Automatic;
				CURRENT_PROJECT_VERSION = 1;
				DEVELOPMENT_ASSET_PATHS = "\"Y3News/Preview Content\"";
				DEVELOPMENT_TEAM = KL55U7JTSU;
				ENABLE_PREVIEWS = YES;
				GENERATE_INFOPLIST_FILE = YES;
				INFOPLIST_KEY_UIApplicationSceneManifest_Generation = YES;
				INFOPLIST_KEY_UIApplicationSupportsIndirectInputEvents = YES;
				INFOPLIST_KEY_UILaunchScreen_Generation = YES;
				INFOPLIST_KEY_UISupportedInterfaceOrientations_iPad = "UIInterfaceOrientationPortrait UIInterfaceOrientationPortraitUpsideDown UIInterfaceOrientationLandscapeLeft UIInterfaceOrientationLandscapeRight";
				INFOPLIST_KEY_UISupportedInterfaceOrientations_iPhone = "UIInterfaceOrientationPortrait UIInterfaceOrientationLandscapeLeft UIInterfaceOrientationLandscapeRight";
				LD_RUNPATH_SEARCH_PATHS = (
					"$(inherited)",
					"@executable_path/Frameworks",
				);
				MARKETING_VERSION = 1.0;
				PRODUCT_BUNDLE_IDENTIFIER = maximus.Y3News;
				PRODUCT_NAME = "$(TARGET_NAME)";
				SWIFT_EMIT_LOC_STRINGS = YES;
				SWIFT_VERSION = 5.0;
				TARGETED_DEVICE_FAMILY = "1,2";
			};
			name = Debug;
		};
		5725A3B52D6BC34300C0F554 /* Release */ = {
			isa = XCBuildConfiguration;
			buildSettings = {
				ASSETCATALOG_COMPILER_APPICON_NAME = AppIcon;
				ASSETCATALOG_COMPILER_GLOBAL_ACCENT_COLOR_NAME = AccentColor;
				CODE_SIGN_STYLE = Automatic;
				CURRENT_PROJECT_VERSION = 1;
				DEVELOPMENT_ASSET_PATHS = "\"Y3News/Preview Content\"";
				DEVELOPMENT_TEAM = KL55U7JTSU;
				ENABLE_PREVIEWS = YES;
				GENERATE_INFOPLIST_FILE = YES;
				INFOPLIST_KEY_UIApplicationSceneManifest_Generation = YES;
				INFOPLIST_KEY_UIApplicationSupportsIndirectInputEvents = YES;
				INFOPLIST_KEY_UILaunchScreen_Generation = YES;
				INFOPLIST_KEY_UISupportedInterfaceOrientations_iPad = "UIInterfaceOrientationPortrait UIInterfaceOrientationPortraitUpsideDown UIInterfaceOrientationLandscapeLeft UIInterfaceOrientationLandscapeRight";
				INFOPLIST_KEY_UISupportedInterfaceOrientations_iPhone = "UIInterfaceOrientationPortrait UIInterfaceOrientationLandscapeLeft UIInterfaceOrientationLandscapeRight";
				LD_RUNPATH_SEARCH_PATHS = (
					"$(inherited)",
					"@executable_path/Frameworks",
				);
				MARKETING_VERSION = 1.0;
				PRODUCT_BUNDLE_IDENTIFIER = maximus.Y3News;
				PRODUCT_NAME = "$(TARGET_NAME)";
				SWIFT_EMIT_LOC_STRINGS = YES;
				SWIFT_VERSION = 5.0;
				TARGETED_DEVICE_FAMILY = "1,2";
			};
			name = Release;
		};
		5725A3B72D6BC34300C0F554 /* Debug */ = {
			isa = XCBuildConfiguration;
			buildSettings = {
				BUNDLE_LOADER = "$(TEST_HOST)";
				CODE_SIGN_STYLE = Automatic;
				CURRENT_PROJECT_VERSION = 1;
				DEVELOPMENT_TEAM = KL55U7JTSU;
				GENERATE_INFOPLIST_FILE = YES;
				IPHONEOS_DEPLOYMENT_TARGET = 18.2;
				MARKETING_VERSION = 1.0;
				PRODUCT_BUNDLE_IDENTIFIER = maximus.Y3NewsTests;
				PRODUCT_NAME = "$(TARGET_NAME)";
				SWIFT_EMIT_LOC_STRINGS = NO;
				SWIFT_VERSION = 5.0;
				TARGETED_DEVICE_FAMILY = "1,2";
				TEST_HOST = "$(BUILT_PRODUCTS_DIR)/Y3News.app/$(BUNDLE_EXECUTABLE_FOLDER_PATH)/Y3News";
			};
			name = Debug;
		};
		5725A3B82D6BC34300C0F554 /* Release */ = {
			isa = XCBuildConfiguration;
			buildSettings = {
				BUNDLE_LOADER = "$(TEST_HOST)";
				CODE_SIGN_STYLE = Automatic;
				CURRENT_PROJECT_VERSION = 1;
				DEVELOPMENT_TEAM = KL55U7JTSU;
				GENERATE_INFOPLIST_FILE = YES;
				IPHONEOS_DEPLOYMENT_TARGET = 18.2;
				MARKETING_VERSION = 1.0;
				PRODUCT_BUNDLE_IDENTIFIER = maximus.Y3NewsTests;
				PRODUCT_NAME = "$(TARGET_NAME)";
				SWIFT_EMIT_LOC_STRINGS = NO;
				SWIFT_VERSION = 5.0;
				TARGETED_DEVICE_FAMILY = "1,2";
				TEST_HOST = "$(BUILT_PRODUCTS_DIR)/Y3News.app/$(BUNDLE_EXECUTABLE_FOLDER_PATH)/Y3News";
			};
			name = Release;
		};
		5725A3BA2D6BC34300C0F554 /* Debug */ = {
			isa = XCBuildConfiguration;
			buildSettings = {
				CODE_SIGN_STYLE = Automatic;
				CURRENT_PROJECT_VERSION = 1;
				DEVELOPMENT_TEAM = KL55U7JTSU;
				GENERATE_INFOPLIST_FILE = YES;
				MARKETING_VERSION = 1.0;
				PRODUCT_BUNDLE_IDENTIFIER = maximus.Y3NewsUITests;
				PRODUCT_NAME = "$(TARGET_NAME)";
				SWIFT_EMIT_LOC_STRINGS = NO;
				SWIFT_VERSION = 5.0;
				TARGETED_DEVICE_FAMILY = "1,2";
				TEST_TARGET_NAME = Y3News;
			};
			name = Debug;
		};
		5725A3BB2D6BC34300C0F554 /* Release */ = {
			isa = XCBuildConfiguration;
			buildSettings = {
				CODE_SIGN_STYLE = Automatic;
				CURRENT_PROJECT_VERSION = 1;
				DEVELOPMENT_TEAM = KL55U7JTSU;
				GENERATE_INFOPLIST_FILE = YES;
				MARKETING_VERSION = 1.0;
				PRODUCT_BUNDLE_IDENTIFIER = maximus.Y3NewsUITests;
				PRODUCT_NAME = "$(TARGET_NAME)";
				SWIFT_EMIT_LOC_STRINGS = NO;
				SWIFT_VERSION = 5.0;
				TARGETED_DEVICE_FAMILY = "1,2";
				TEST_TARGET_NAME = Y3News;
			};
			name = Release;
		};
/* End XCBuildConfiguration section */

/* Begin XCConfigurationList section */
		5725A3852D6BC34200C0F554 /* Build configuration list for PBXProject "Y3News" */ = {
			isa = XCConfigurationList;
			buildConfigurations = (
				5725A3B12D6BC34300C0F554 /* Debug */,
				5725A3B22D6BC34300C0F554 /* Release */,
			);
			defaultConfigurationIsVisible = 0;
			defaultConfigurationName = Release;
		};
		5725A3B32D6BC34300C0F554 /* Build configuration list for PBXNativeTarget "Y3News" */ = {
			isa = XCConfigurationList;
			buildConfigurations = (
				5725A3B42D6BC34300C0F554 /* Debug */,
				5725A3B52D6BC34300C0F554 /* Release */,
			);
			defaultConfigurationIsVisible = 0;
			defaultConfigurationName = Release;
		};
		5725A3B62D6BC34300C0F554 /* Build configuration list for PBXNativeTarget "Y3NewsTests" */ = {
			isa = XCConfigurationList;
			buildConfigurations = (
				5725A3B72D6BC34300C0F554 /* Debug */,
				5725A3B82D6BC34300C0F554 /* Release */,
			);
			defaultConfigurationIsVisible = 0;
			defaultConfigurationName = Release;
		};
		5725A3B92D6BC34300C0F554 /* Build configuration list for PBXNativeTarget "Y3NewsUITests" */ = {
			isa = XCConfigurationList;
			buildConfigurations = (
				5725A3BA2D6BC34300C0F554 /* Debug */,
				5725A3BB2D6BC34300C0F554 /* Release */,
			);
			defaultConfigurationIsVisible = 0;
			defaultConfigurationName = Release;
		};
/* End XCConfigurationList section */
	};
	rootObject = 5725A3822D6BC34200C0F554 /* Project object */;
}
